
Microsoft Visual Studio Solution File, Format Version 12.00
# Visual Studio Version 17
VisualStudioVersion = 17.6.33723.286
MinimumVisualStudioVersion = 10.0.40219.1
Project("{8BC9CEB8-8B4A-11D0-8D11-00A0C91BC942}") = "Project1", "Project1.vcxproj", "{422ADD58-6537-466E-9103-A1C6BD8B9661}"
EndProject
Global
	GlobalSection(SolutionConfigurationPlatforms) = preSolution
		Debug|x64 = Debug|x64
		Debug|x86 = Debug|x86
		Release|x64 = Release|x64
		Release|x86 = Release|x86
	EndGlobalSection
	GlobalSection(ProjectConfigurationPlatforms) = postSolution
		{422ADD58-6537-466E-9103-A1C6BD8B9661}.Debug|x64.ActiveCfg = Debug|x64
		{422ADD58-6537-466E-9103-A1C6BD8B9661}.Debug|x64.Build.0 = Debug|x64
		{422ADD58-6537-466E-9103-A1C6BD8B9661}.Debug|x86.ActiveCfg = Debug|Win32
		{422ADD58-6537-466E-9103-A1C6BD8B9661}.Debug|x86.Build.0 = Debug|Win32
		{422ADD58-6537-466E-9103-A1C6BD8B9661}.Release|x64.ActiveCfg = Release|x64
		{422ADD58-6537-466E-9103-A1C6BD8B9661}.Release|x64.Build.0 = Release|x64
		{422ADD58-6537-466E-9103-A1C6BD8B9661}.Release|x86.ActiveCfg = Release|Win32
		{422ADD58-6537-466E-9103-A1C6BD8B9661}.Release|x86.Build.0 = Release|Win32
	EndGlobalSection
	GlobalSection(SolutionProperties) = preSolution
		HideSolutionNode = FALSE
	EndGlobalSection
	GlobalSection(ExtensibilityGlobals) = postSolution
		SolutionGuid = {9ECF1E12-CB32-43B4-9273-28939C9A7391}
	EndGlobalSection
EndGlobal
